
Microsoft Visual Studio Solution File, Format Version 12.00
# Visual Studio Version 17
VisualStudioVersion = 17.11.35327.3
MinimumVisualStudioVersion = 10.0.40219.1
Project("{9A19103F-16F7-4668-BE54-9A1E7A4F7556}") = "TaskManagementSystem.Api", "TaskManagementSystem.Api\TaskManagementSystem.Api.csproj", "{F79B27B2-A243-48A3-87F9-954415CD8562}"
EndProject
Project("{9A19103F-16F7-4668-BE54-9A1E7A4F7556}") = "TaskManagementSystem.Domain", "TaskManagementSystem.Domain\TaskManagementSystem.Domain.csproj", "{DD66C7B0-07A0-4578-8EA5-4619420AA868}"
EndProject
Project("{9A19103F-16F7-4668-BE54-9A1E7A4F7556}") = "TaskManagementSystem.Application", "TaskManagementSystem.Application\TaskManagementSystem.Application.csproj", "{78BC8E45-809A-4A58-8BC8-19F6AA15140D}"
EndProject
Project("{9A19103F-16F7-4668-BE54-9A1E7A4F7556}") = "TaskManagementSystem.Infrastructure", "TaskManagementSystem.Infrastructure\TaskManagementSystem.Infrastructure.csproj", "{861FCDA1-BA0E-4D0B-94E1-763D2E625C9D}"
EndProject
Project("{E53339B2-1760-4266-BCC7-CA923CBCF16C}") = "docker-compose", "docker-compose.dcproj", "{BAA90590-4294-4508-B666-BF9B5ADD329C}"
EndProject
Project("{9A19103F-16F7-4668-BE54-9A1E7A4F7556}") = "TaskManagementSystem.IntegrationTests", "TaskManagementSystem.IntegrationTests\TaskManagementSystem.IntegrationTests.csproj", "{AC3CD74A-100F-4BCC-98D4-A8A4CE9C411F}"
EndProject
Project("{9A19103F-16F7-4668-BE54-9A1E7A4F7556}") = "TaskManagementSystem.Tests", "TaskManagementSystem.Tests\TaskManagementSystem.Tests.csproj", "{DFAF6E61-0871-473E-A0FB-0BF796AD545E}"
EndProject
Global
	GlobalSection(SolutionConfigurationPlatforms) = preSolution
		Debug|Any CPU = Debug|Any CPU
		Release|Any CPU = Release|Any CPU
	EndGlobalSection
	GlobalSection(ProjectConfigurationPlatforms) = postSolution
		{F79B27B2-A243-48A3-87F9-954415CD8562}.Debug|Any CPU.ActiveCfg = Debug|Any CPU
		{F79B27B2-A243-48A3-87F9-954415CD8562}.Debug|Any CPU.Build.0 = Debug|Any CPU
		{F79B27B2-A243-48A3-87F9-954415CD8562}.Release|Any CPU.ActiveCfg = Release|Any CPU
		{F79B27B2-A243-48A3-87F9-954415CD8562}.Release|Any CPU.Build.0 = Release|Any CPU
		{DD66C7B0-07A0-4578-8EA5-4619420AA868}.Debug|Any CPU.ActiveCfg = Debug|Any CPU
		{DD66C7B0-07A0-4578-8EA5-4619420AA868}.Debug|Any CPU.Build.0 = Debug|Any CPU
		{DD66C7B0-07A0-4578-8EA5-4619420AA868}.Release|Any CPU.ActiveCfg = Release|Any CPU
		{DD66C7B0-07A0-4578-8EA5-4619420AA868}.Release|Any CPU.Build.0 = Release|Any CPU
		{78BC8E45-809A-4A58-8BC8-19F6AA15140D}.Debug|Any CPU.ActiveCfg = Debug|Any CPU
		{78BC8E45-809A-4A58-8BC8-19F6AA15140D}.Debug|Any CPU.Build.0 = Debug|Any CPU
		{78BC8E45-809A-4A58-8BC8-19F6AA15140D}.Release|Any CPU.ActiveCfg = Release|Any CPU
		{78BC8E45-809A-4A58-8BC8-19F6AA15140D}.Release|Any CPU.Build.0 = Release|Any CPU
		{861FCDA1-BA0E-4D0B-94E1-763D2E625C9D}.Debug|Any CPU.ActiveCfg = Debug|Any CPU
		{861FCDA1-BA0E-4D0B-94E1-763D2E625C9D}.Debug|Any CPU.Build.0 = Debug|Any CPU
		{861FCDA1-BA0E-4D0B-94E1-763D2E625C9D}.Release|Any CPU.ActiveCfg = Release|Any CPU
		{861FCDA1-BA0E-4D0B-94E1-763D2E625C9D}.Release|Any CPU.Build.0 = Release|Any CPU
		{BAA90590-4294-4508-B666-BF9B5ADD329C}.Debug|Any CPU.ActiveCfg = Debug|Any CPU
		{BAA90590-4294-4508-B666-BF9B5ADD329C}.Debug|Any CPU.Build.0 = Debug|Any CPU
		{BAA90590-4294-4508-B666-BF9B5ADD329C}.Release|Any CPU.ActiveCfg = Release|Any CPU
		{BAA90590-4294-4508-B666-BF9B5ADD329C}.Release|Any CPU.Build.0 = Release|Any CPU
		{AC3CD74A-100F-4BCC-98D4-A8A4CE9C411F}.Debug|Any CPU.ActiveCfg = Debug|Any CPU
		{AC3CD74A-100F-4BCC-98D4-A8A4CE9C411F}.Debug|Any CPU.Build.0 = Debug|Any CPU
		{AC3CD74A-100F-4BCC-98D4-A8A4CE9C411F}.Release|Any CPU.ActiveCfg = Release|Any CPU
		{AC3CD74A-100F-4BCC-98D4-A8A4CE9C411F}.Release|Any CPU.Build.0 = Release|Any CPU
		{DFAF6E61-0871-473E-A0FB-0BF796AD545E}.Debug|Any CPU.ActiveCfg = Debug|Any CPU
		{DFAF6E61-0871-473E-A0FB-0BF796AD545E}.Debug|Any CPU.Build.0 = Debug|Any CPU
		{DFAF6E61-0871-473E-A0FB-0BF796AD545E}.Release|Any CPU.ActiveCfg = Release|Any CPU
		{DFAF6E61-0871-473E-A0FB-0BF796AD545E}.Release|Any CPU.Build.0 = Release|Any CPU
	EndGlobalSection
	GlobalSection(SolutionProperties) = preSolution
		HideSolutionNode = FALSE
	EndGlobalSection
	GlobalSection(ExtensibilityGlobals) = postSolution
		SolutionGuid = {76C9D096-BC61-4F69-ABA9-D35650CB76F8}
	EndGlobalSection
EndGlobal
